<?xml version="1.0" encoding="utf-8"?>
<Project ToolsVersion="4.0" xmlns="http://schemas.microsoft.com/developer/msbuild/2003">
  <ItemGroup>
    <CudaCompile Include="src\diamond_square\cuda\diamondSquareParallel.cu" />
  </ItemGroup>
  <ItemGroup>
    <ClCompile Include="src\main.cpp" />
    <ClCompile Include="src\diamond_square\sequential\diamondSquareSequential.cpp" />
    <ClCompile Include="src\diamond_square\diamondSquareBase.cpp" />
    <ClCompile Include="src\diamond_square\parameters\colorMapping.cpp" />
  </ItemGroup>
  <ItemGroup>
    <ClInclude Include="src\image\bmpHandler.h" />
    <ClInclude Include="src\diamond_square\diamondSquareBase.h" />
    <ClInclude Include="src\diamond_square\sequential\diamondSquareSequential.h" />
    <ClInclude Include="src\image\colorPixel.h" />
    <ClInclude Include="src\utils\utils.h" />
    <ClInclude Include="src\diamond_square\parameters\colorMapping.h" />
    <ClInclude Include="src\diamond_square\parameters\settingsList.h" />
    <ClInclude Include="src\utils\timeMeasure.h" />
    <ClInclude Include="src\diamond_square\cuda\diamondSquareParallel.h" />
  </ItemGroup>
</Project>