<?xml version="1.0" encoding="utf-8"?>
<Project ToolsVersion="4.0" xmlns="http://schemas.microsoft.com/developer/msbuild/2003">
  <ItemGroup>
    <CudaCompile Include="src\diamond_square\cuda\DiamondSquareParallel.cu" />
    <CudaCompile Include="src\diamond_square\cuda\DiamondSquareParallel_Constant.cu" />
  </ItemGroup>
  <ItemGroup>
    <ClCompile Include="src\Application.cpp" />
    <ClCompile Include="src\diamond_square\sequential\DiamondSquareSequential.cpp" />
    <ClCompile Include="src\diamond_square\DiamondSquareBase.cpp" />
    <ClCompile Include="src\image\ColorMapping.cpp" />
  </ItemGroup>
  <ItemGroup>
    <ClInclude Include="src\image\BmpHandler.h" />
    <ClInclude Include="src\diamond_square\DiamondSquareBase.h" />
    <ClInclude Include="src\diamond_square\sequential\DiamondSquareSequential.h" />
    <ClInclude Include="src\image\ColorPixel.h" />
    <ClInclude Include="src\utils\Utils.h" />
    <ClInclude Include="src\image\ColorMapping.h" />
    <ClInclude Include="src\diamond_square\parameters\AlgorithmSettings.h" />
    <ClInclude Include="src\utils\TimeMeasure.h" />
    <ClInclude Include="src\diamond_square\cuda\DiamondSquareParallel.h" />
    <ClInclude Include="src\diamond_square\parameters\ApplicationSettings.h" />
    <ClInclude Include="src\diamond_square\cuda\DiamondSquareParallel_Constant.h" />
  </ItemGroup>
</Project>